
Microsoft Visual Studio Solution File, Format Version 12.00
# Visual Studio Version 16
VisualStudioVersion = 16.0.30128.74
MinimumVisualStudioVersion = 10.0.40219.1
Project("{FAE04EC0-301F-11D3-BF4B-00C04F79EFBC}") = "Nyous.WebApi.NoSQL", "Nyous.WebApi.NoSQL.csproj", "{C3349A3E-FD79-45A5-B012-5BF5E5D07DAF}"
EndProject
Global
	GlobalSection(SolutionConfigurationPlatforms) = preSolution
		Debug|Any CPU = Debug|Any CPU
		Release|Any CPU = Release|Any CPU
	EndGlobalSection
	GlobalSection(ProjectConfigurationPlatforms) = postSolution
		{C3349A3E-FD79-45A5-B012-5BF5E5D07DAF}.Debug|Any CPU.ActiveCfg = Debug|Any CPU
		{C3349A3E-FD79-45A5-B012-5BF5E5D07DAF}.Debug|Any CPU.Build.0 = Debug|Any CPU
		{C3349A3E-FD79-45A5-B012-5BF5E5D07DAF}.Release|Any CPU.ActiveCfg = Release|Any CPU
		{C3349A3E-FD79-45A5-B012-5BF5E5D07DAF}.Release|Any CPU.Build.0 = Release|Any CPU
	EndGlobalSection
	GlobalSection(SolutionProperties) = preSolution
		HideSolutionNode = FALSE
	EndGlobalSection
	GlobalSection(ExtensibilityGlobals) = postSolution
		SolutionGuid = {1E27B67A-0A58-491B-BF8F-C23273F1F2A1}
	EndGlobalSection
EndGlobal
